
Microsoft Visual Studio Solution File, Format Version 12.00
# Visual Studio Version 17
VisualStudioVersion = 17.8.34309.116
MinimumVisualStudioVersion = 10.0.40219.1
Project("{FAE04EC0-301F-11D3-BF4B-00C04F79EFBC}") = "RestAPI", "RestAPI.csproj", "{AD3877EC-6B47-4999-A646-520BBDC05A8D}"
EndProject
Global
	GlobalSection(SolutionConfigurationPlatforms) = preSolution
		Debug|Any CPU = Debug|Any CPU
		Release|Any CPU = Release|Any CPU
	EndGlobalSection
	GlobalSection(ProjectConfigurationPlatforms) = postSolution
		{AD3877EC-6B47-4999-A646-520BBDC05A8D}.Debug|Any CPU.ActiveCfg = Debug|Any CPU
		{AD3877EC-6B47-4999-A646-520BBDC05A8D}.Debug|Any CPU.Build.0 = Debug|Any CPU
		{AD3877EC-6B47-4999-A646-520BBDC05A8D}.Release|Any CPU.ActiveCfg = Release|Any CPU
		{AD3877EC-6B47-4999-A646-520BBDC05A8D}.Release|Any CPU.Build.0 = Release|Any CPU
	EndGlobalSection
	GlobalSection(SolutionProperties) = preSolution
		HideSolutionNode = FALSE
	EndGlobalSection
	GlobalSection(ExtensibilityGlobals) = postSolution
		SolutionGuid = {09B7A5DE-F3DA-4403-AE8F-B0CCFB6C8B0D}
	EndGlobalSection
EndGlobal
